
Microsoft Visual Studio Solution File, Format Version 12.00
Project("{FAE04EC0-301F-11D3-BF4B-00C04F79EFBC}") = "Strategy.Core", "Strategy.Core\Strategy.Core.csproj", "{C32ED2A9-05AA-497F-9725-B532AB54C6F9}"
EndProject
Global
	GlobalSection(SolutionConfigurationPlatforms) = preSolution
		Debug|Any CPU = Debug|Any CPU
		Release|Any CPU = Release|Any CPU
	EndGlobalSection
	GlobalSection(ProjectConfigurationPlatforms) = postSolution
		{C32ED2A9-05AA-497F-9725-B532AB54C6F9}.Debug|Any CPU.ActiveCfg = Debug|Any CPU
		{C32ED2A9-05AA-497F-9725-B532AB54C6F9}.Debug|Any CPU.Build.0 = Debug|Any CPU
		{C32ED2A9-05AA-497F-9725-B532AB54C6F9}.Release|Any CPU.ActiveCfg = Release|Any CPU
		{C32ED2A9-05AA-497F-9725-B532AB54C6F9}.Release|Any CPU.Build.0 = Release|Any CPU
	EndGlobalSection
EndGlobal
